
Microsoft Visual Studio Solution File, Format Version 12.00
# Visual Studio Version 17
VisualStudioVersion = 17.12.35514.174 d17.12
MinimumVisualStudioVersion = 10.0.40219.1
Project("{2150E333-8FDC-42A3-9474-1A3956D46DE8}") = "src", "src", "{3439A4D9-ECE1-42E1-881B-4CFB36EBE5D3}"
EndProject
Project("{2150E333-8FDC-42A3-9474-1A3956D46DE8}") = "Shared", "Shared", "{170CFB84-128A-4FDB-8153-1665E109EFEE}"
EndProject
Project("{FAE04EC0-301F-11D3-BF4B-00C04F79EFBC}") = "Acme.Protocol.Shared", "src\Shared\Acme.Protocol.Shared\Acme.Protocol.Shared.csproj", "{EE113B69-1767-4D17-8BC4-FB97DB4EA7C6}"
EndProject
Project("{FAE04EC0-301F-11D3-BF4B-00C04F79EFBC}") = "Acme.Core.Shared", "src\Shared\Acme.Core.Shared\Acme.Core.Shared.csproj", "{623D274F-AD55-41D9-A099-ECF913395516}"
EndProject
Project("{2150E333-8FDC-42A3-9474-1A3956D46DE8}") = "Server", "Server", "{E9AE000D-25FE-4249-994C-B62CCE45285B}"
EndProject
Project("{FAE04EC0-301F-11D3-BF4B-00C04F79EFBC}") = "Acme.Server.Domain.Shared", "src\Server\Acme.Server.Domain.Shared\Acme.Server.Domain.Shared.csproj", "{44D10D84-9AE3-4E19-B1B7-69FAA96663F1}"
EndProject
Project("{FAE04EC0-301F-11D3-BF4B-00C04F79EFBC}") = "Acme.Server.Domain", "src\Server\Acme.Server.Domain\Acme.Server.Domain.csproj", "{248C3BEB-00FC-4ED2-99A0-23D273C9C5BC}"
EndProject
Project("{FAE04EC0-301F-11D3-BF4B-00C04F79EFBC}") = "Acme.Server.Application.Contracts", "src\Server\Acme.Server.Application.Contracts\Acme.Server.Application.Contracts.csproj", "{705EBED8-362E-4A74-91F3-589026961CC4}"
EndProject
Project("{FAE04EC0-301F-11D3-BF4B-00C04F79EFBC}") = "Acme.Server.Application", "src\Server\Acme.Server.Application\Acme.Server.Application.csproj", "{90453E89-4497-4CE9-9181-BA95AFA23B66}"
EndProject
Project("{FAE04EC0-301F-11D3-BF4B-00C04F79EFBC}") = "Acme.Server.EntityFrameworkCore", "src\Server\Acme.Server.EntityFrameworkCore\Acme.Server.EntityFrameworkCore.csproj", "{0935BD24-4BB6-4A9E-83E1-94F5659C24BB}"
EndProject
Project("{FAE04EC0-301F-11D3-BF4B-00C04F79EFBC}") = "Acme.Server.HttpApi.Host", "src\Server\Acme.Server.HttpApi.Host\Acme.Server.HttpApi.Host.csproj", "{E1205A02-70D9-4234-8DF1-9ACDC30731C6}"
EndProject
Project("{2150E333-8FDC-42A3-9474-1A3956D46DE8}") = "Client", "Client", "{A5B5B90D-BFD7-44C1-A96D-939AB321565C}"
EndProject
Project("{FAE04EC0-301F-11D3-BF4B-00C04F79EFBC}") = "Acme.Client.Domain.Shared", "src\Client\Acme.Client.Domain.Shared\Acme.Client.Domain.Shared.csproj", "{30DE2036-CE93-43F5-8B51-09C3BD874CFF}"
EndProject
Project("{FAE04EC0-301F-11D3-BF4B-00C04F79EFBC}") = "Acme.Client.Domain", "src\Client\Acme.Client.Domain\Acme.Client.Domain.csproj", "{02D7169D-ED46-4F74-9342-499F8B5FD0BF}"
EndProject
Project("{FAE04EC0-301F-11D3-BF4B-00C04F79EFBC}") = "Acme.Client.Protocol", "src\Client\Acme.Client.Protocol\Acme.Client.Protocol.csproj", "{C326ABB9-4765-4F54-B67E-8D6D2961F743}"
EndProject
Project("{FAE04EC0-301F-11D3-BF4B-00C04F79EFBC}") = "Acme.Client.Application.Contracts", "src\Client\Acme.Client.Application.Contracts\Acme.Client.Application.Contracts.csproj", "{2082AD66-E4FB-46D9-8133-29290C894161}"
EndProject
Project("{FAE04EC0-301F-11D3-BF4B-00C04F79EFBC}") = "Acme.Client.Application", "src\Client\Acme.Client.Application\Acme.Client.Application.csproj", "{32CC2415-2561-4DE5-A8CA-885F0339AEFC}"
EndProject
Project("{FAE04EC0-301F-11D3-BF4B-00C04F79EFBC}") = "Acme.Client.Cli", "src\Client\Acme.Client.Cli\Acme.Client.Cli.csproj", "{CEC24463-E1CF-4709-A002-C5F6365ED37E}"
EndProject
Project("{2150E333-8FDC-42A3-9474-1A3956D46DE8}") = "解决方案项", "解决方案项", "{1A3C41EB-2E54-481B-B050-2630669ADF96}"
	ProjectSection(SolutionItems) = preProject
		.editorconfig = .editorconfig
		.gitattributes = .gitattributes
		.gitignore = .gitignore
		common.props = common.props
		NuGet.Config = NuGet.Config
		README.md = README.md
	EndProjectSection
EndProject
Global
	GlobalSection(SolutionConfigurationPlatforms) = preSolution
		Debug|Any CPU = Debug|Any CPU
		Debug|x64 = Debug|x64
		Debug|x86 = Debug|x86
		Release|Any CPU = Release|Any CPU
		Release|x64 = Release|x64
		Release|x86 = Release|x86
	EndGlobalSection
	GlobalSection(ProjectConfigurationPlatforms) = postSolution
		{EE113B69-1767-4D17-8BC4-FB97DB4EA7C6}.Debug|Any CPU.ActiveCfg = Debug|Any CPU
		{EE113B69-1767-4D17-8BC4-FB97DB4EA7C6}.Debug|Any CPU.Build.0 = Debug|Any CPU
		{EE113B69-1767-4D17-8BC4-FB97DB4EA7C6}.Debug|x64.ActiveCfg = Debug|Any CPU
		{EE113B69-1767-4D17-8BC4-FB97DB4EA7C6}.Debug|x64.Build.0 = Debug|Any CPU
		{EE113B69-1767-4D17-8BC4-FB97DB4EA7C6}.Debug|x86.ActiveCfg = Debug|Any CPU
		{EE113B69-1767-4D17-8BC4-FB97DB4EA7C6}.Debug|x86.Build.0 = Debug|Any CPU
		{EE113B69-1767-4D17-8BC4-FB97DB4EA7C6}.Release|Any CPU.ActiveCfg = Release|Any CPU
		{EE113B69-1767-4D17-8BC4-FB97DB4EA7C6}.Release|Any CPU.Build.0 = Release|Any CPU
		{EE113B69-1767-4D17-8BC4-FB97DB4EA7C6}.Release|x64.ActiveCfg = Release|Any CPU
		{EE113B69-1767-4D17-8BC4-FB97DB4EA7C6}.Release|x64.Build.0 = Release|Any CPU
		{EE113B69-1767-4D17-8BC4-FB97DB4EA7C6}.Release|x86.ActiveCfg = Release|Any CPU
		{EE113B69-1767-4D17-8BC4-FB97DB4EA7C6}.Release|x86.Build.0 = Release|Any CPU
		{623D274F-AD55-41D9-A099-ECF913395516}.Debug|Any CPU.ActiveCfg = Debug|Any CPU
		{623D274F-AD55-41D9-A099-ECF913395516}.Debug|Any CPU.Build.0 = Debug|Any CPU
		{623D274F-AD55-41D9-A099-ECF913395516}.Debug|x64.ActiveCfg = Debug|Any CPU
		{623D274F-AD55-41D9-A099-ECF913395516}.Debug|x64.Build.0 = Debug|Any CPU
		{623D274F-AD55-41D9-A099-ECF913395516}.Debug|x86.ActiveCfg = Debug|Any CPU
		{623D274F-AD55-41D9-A099-ECF913395516}.Debug|x86.Build.0 = Debug|Any CPU
		{623D274F-AD55-41D9-A099-ECF913395516}.Release|Any CPU.ActiveCfg = Release|Any CPU
		{623D274F-AD55-41D9-A099-ECF913395516}.Release|Any CPU.Build.0 = Release|Any CPU
		{623D274F-AD55-41D9-A099-ECF913395516}.Release|x64.ActiveCfg = Release|Any CPU
		{623D274F-AD55-41D9-A099-ECF913395516}.Release|x64.Build.0 = Release|Any CPU
		{623D274F-AD55-41D9-A099-ECF913395516}.Release|x86.ActiveCfg = Release|Any CPU
		{623D274F-AD55-41D9-A099-ECF913395516}.Release|x86.Build.0 = Release|Any CPU
		{44D10D84-9AE3-4E19-B1B7-69FAA96663F1}.Debug|Any CPU.ActiveCfg = Debug|Any CPU
		{44D10D84-9AE3-4E19-B1B7-69FAA96663F1}.Debug|Any CPU.Build.0 = Debug|Any CPU
		{44D10D84-9AE3-4E19-B1B7-69FAA96663F1}.Debug|x64.ActiveCfg = Debug|Any CPU
		{44D10D84-9AE3-4E19-B1B7-69FAA96663F1}.Debug|x64.Build.0 = Debug|Any CPU
		{44D10D84-9AE3-4E19-B1B7-69FAA96663F1}.Debug|x86.ActiveCfg = Debug|Any CPU
		{44D10D84-9AE3-4E19-B1B7-69FAA96663F1}.Debug|x86.Build.0 = Debug|Any CPU
		{44D10D84-9AE3-4E19-B1B7-69FAA96663F1}.Release|Any CPU.ActiveCfg = Release|Any CPU
		{44D10D84-9AE3-4E19-B1B7-69FAA96663F1}.Release|Any CPU.Build.0 = Release|Any CPU
		{44D10D84-9AE3-4E19-B1B7-69FAA96663F1}.Release|x64.ActiveCfg = Release|Any CPU
		{44D10D84-9AE3-4E19-B1B7-69FAA96663F1}.Release|x64.Build.0 = Release|Any CPU
		{44D10D84-9AE3-4E19-B1B7-69FAA96663F1}.Release|x86.ActiveCfg = Release|Any CPU
		{44D10D84-9AE3-4E19-B1B7-69FAA96663F1}.Release|x86.Build.0 = Release|Any CPU
		{248C3BEB-00FC-4ED2-99A0-23D273C9C5BC}.Debug|Any CPU.ActiveCfg = Debug|Any CPU
		{248C3BEB-00FC-4ED2-99A0-23D273C9C5BC}.Debug|Any CPU.Build.0 = Debug|Any CPU
		{248C3BEB-00FC-4ED2-99A0-23D273C9C5BC}.Debug|x64.ActiveCfg = Debug|Any CPU
		{248C3BEB-00FC-4ED2-99A0-23D273C9C5BC}.Debug|x64.Build.0 = Debug|Any CPU
		{248C3BEB-00FC-4ED2-99A0-23D273C9C5BC}.Debug|x86.ActiveCfg = Debug|Any CPU
		{248C3BEB-00FC-4ED2-99A0-23D273C9C5BC}.Debug|x86.Build.0 = Debug|Any CPU
		{248C3BEB-00FC-4ED2-99A0-23D273C9C5BC}.Release|Any CPU.ActiveCfg = Release|Any CPU
		{248C3BEB-00FC-4ED2-99A0-23D273C9C5BC}.Release|Any CPU.Build.0 = Release|Any CPU
		{248C3BEB-00FC-4ED2-99A0-23D273C9C5BC}.Release|x64.ActiveCfg = Release|Any CPU
		{248C3BEB-00FC-4ED2-99A0-23D273C9C5BC}.Release|x64.Build.0 = Release|Any CPU
		{248C3BEB-00FC-4ED2-99A0-23D273C9C5BC}.Release|x86.ActiveCfg = Release|Any CPU
		{248C3BEB-00FC-4ED2-99A0-23D273C9C5BC}.Release|x86.Build.0 = Release|Any CPU
		{705EBED8-362E-4A74-91F3-589026961CC4}.Debug|Any CPU.ActiveCfg = Debug|Any CPU
		{705EBED8-362E-4A74-91F3-589026961CC4}.Debug|Any CPU.Build.0 = Debug|Any CPU
		{705EBED8-362E-4A74-91F3-589026961CC4}.Debug|x64.ActiveCfg = Debug|Any CPU
		{705EBED8-362E-4A74-91F3-589026961CC4}.Debug|x64.Build.0 = Debug|Any CPU
		{705EBED8-362E-4A74-91F3-589026961CC4}.Debug|x86.ActiveCfg = Debug|Any CPU
		{705EBED8-362E-4A74-91F3-589026961CC4}.Debug|x86.Build.0 = Debug|Any CPU
		{705EBED8-362E-4A74-91F3-589026961CC4}.Release|Any CPU.ActiveCfg = Release|Any CPU
		{705EBED8-362E-4A74-91F3-589026961CC4}.Release|Any CPU.Build.0 = Release|Any CPU
		{705EBED8-362E-4A74-91F3-589026961CC4}.Release|x64.ActiveCfg = Release|Any CPU
		{705EBED8-362E-4A74-91F3-589026961CC4}.Release|x64.Build.0 = Release|Any CPU
		{705EBED8-362E-4A74-91F3-589026961CC4}.Release|x86.ActiveCfg = Release|Any CPU
		{705EBED8-362E-4A74-91F3-589026961CC4}.Release|x86.Build.0 = Release|Any CPU
		{90453E89-4497-4CE9-9181-BA95AFA23B66}.Debug|Any CPU.ActiveCfg = Debug|Any CPU
		{90453E89-4497-4CE9-9181-BA95AFA23B66}.Debug|Any CPU.Build.0 = Debug|Any CPU
		{90453E89-4497-4CE9-9181-BA95AFA23B66}.Debug|x64.ActiveCfg = Debug|Any CPU
		{90453E89-4497-4CE9-9181-BA95AFA23B66}.Debug|x64.Build.0 = Debug|Any CPU
		{90453E89-4497-4CE9-9181-BA95AFA23B66}.Debug|x86.ActiveCfg = Debug|Any CPU
		{90453E89-4497-4CE9-9181-BA95AFA23B66}.Debug|x86.Build.0 = Debug|Any CPU
		{90453E89-4497-4CE9-9181-BA95AFA23B66}.Release|Any CPU.ActiveCfg = Release|Any CPU
		{90453E89-4497-4CE9-9181-BA95AFA23B66}.Release|Any CPU.Build.0 = Release|Any CPU
		{90453E89-4497-4CE9-9181-BA95AFA23B66}.Release|x64.ActiveCfg = Release|Any CPU
		{90453E89-4497-4CE9-9181-BA95AFA23B66}.Release|x64.Build.0 = Release|Any CPU
		{90453E89-4497-4CE9-9181-BA95AFA23B66}.Release|x86.ActiveCfg = Release|Any CPU
		{90453E89-4497-4CE9-9181-BA95AFA23B66}.Release|x86.Build.0 = Release|Any CPU
		{0935BD24-4BB6-4A9E-83E1-94F5659C24BB}.Debug|Any CPU.ActiveCfg = Debug|Any CPU
		{0935BD24-4BB6-4A9E-83E1-94F5659C24BB}.Debug|Any CPU.Build.0 = Debug|Any CPU
		{0935BD24-4BB6-4A9E-83E1-94F5659C24BB}.Debug|x64.ActiveCfg = Debug|Any CPU
		{0935BD24-4BB6-4A9E-83E1-94F5659C24BB}.Debug|x64.Build.0 = Debug|Any CPU
		{0935BD24-4BB6-4A9E-83E1-94F5659C24BB}.Debug|x86.ActiveCfg = Debug|Any CPU
		{0935BD24-4BB6-4A9E-83E1-94F5659C24BB}.Debug|x86.Build.0 = Debug|Any CPU
		{0935BD24-4BB6-4A9E-83E1-94F5659C24BB}.Release|Any CPU.ActiveCfg = Release|Any CPU
		{0935BD24-4BB6-4A9E-83E1-94F5659C24BB}.Release|Any CPU.Build.0 = Release|Any CPU
		{0935BD24-4BB6-4A9E-83E1-94F5659C24BB}.Release|x64.ActiveCfg = Release|Any CPU
		{0935BD24-4BB6-4A9E-83E1-94F5659C24BB}.Release|x64.Build.0 = Release|Any CPU
		{0935BD24-4BB6-4A9E-83E1-94F5659C24BB}.Release|x86.ActiveCfg = Release|Any CPU
		{0935BD24-4BB6-4A9E-83E1-94F5659C24BB}.Release|x86.Build.0 = Release|Any CPU
		{E1205A02-70D9-4234-8DF1-9ACDC30731C6}.Debug|Any CPU.ActiveCfg = Debug|Any CPU
		{E1205A02-70D9-4234-8DF1-9ACDC30731C6}.Debug|Any CPU.Build.0 = Debug|Any CPU
		{E1205A02-70D9-4234-8DF1-9ACDC30731C6}.Debug|x64.ActiveCfg = Debug|Any CPU
		{E1205A02-70D9-4234-8DF1-9ACDC30731C6}.Debug|x64.Build.0 = Debug|Any CPU
		{E1205A02-70D9-4234-8DF1-9ACDC30731C6}.Debug|x86.ActiveCfg = Debug|Any CPU
		{E1205A02-70D9-4234-8DF1-9ACDC30731C6}.Debug|x86.Build.0 = Debug|Any CPU
		{E1205A02-70D9-4234-8DF1-9ACDC30731C6}.Release|Any CPU.ActiveCfg = Release|Any CPU
		{E1205A02-70D9-4234-8DF1-9ACDC30731C6}.Release|Any CPU.Build.0 = Release|Any CPU
		{E1205A02-70D9-4234-8DF1-9ACDC30731C6}.Release|x64.ActiveCfg = Release|Any CPU
		{E1205A02-70D9-4234-8DF1-9ACDC30731C6}.Release|x64.Build.0 = Release|Any CPU
		{E1205A02-70D9-4234-8DF1-9ACDC30731C6}.Release|x86.ActiveCfg = Release|Any CPU
		{E1205A02-70D9-4234-8DF1-9ACDC30731C6}.Release|x86.Build.0 = Release|Any CPU
		{30DE2036-CE93-43F5-8B51-09C3BD874CFF}.Debug|Any CPU.ActiveCfg = Debug|Any CPU
		{30DE2036-CE93-43F5-8B51-09C3BD874CFF}.Debug|Any CPU.Build.0 = Debug|Any CPU
		{30DE2036-CE93-43F5-8B51-09C3BD874CFF}.Debug|x64.ActiveCfg = Debug|Any CPU
		{30DE2036-CE93-43F5-8B51-09C3BD874CFF}.Debug|x64.Build.0 = Debug|Any CPU
		{30DE2036-CE93-43F5-8B51-09C3BD874CFF}.Debug|x86.ActiveCfg = Debug|Any CPU
		{30DE2036-CE93-43F5-8B51-09C3BD874CFF}.Debug|x86.Build.0 = Debug|Any CPU
		{30DE2036-CE93-43F5-8B51-09C3BD874CFF}.Release|Any CPU.ActiveCfg = Release|Any CPU
		{30DE2036-CE93-43F5-8B51-09C3BD874CFF}.Release|Any CPU.Build.0 = Release|Any CPU
		{30DE2036-CE93-43F5-8B51-09C3BD874CFF}.Release|x64.ActiveCfg = Release|Any CPU
		{30DE2036-CE93-43F5-8B51-09C3BD874CFF}.Release|x64.Build.0 = Release|Any CPU
		{30DE2036-CE93-43F5-8B51-09C3BD874CFF}.Release|x86.ActiveCfg = Release|Any CPU
		{30DE2036-CE93-43F5-8B51-09C3BD874CFF}.Release|x86.Build.0 = Release|Any CPU
		{02D7169D-ED46-4F74-9342-499F8B5FD0BF}.Debug|Any CPU.ActiveCfg = Debug|Any CPU
		{02D7169D-ED46-4F74-9342-499F8B5FD0BF}.Debug|Any CPU.Build.0 = Debug|Any CPU
		{02D7169D-ED46-4F74-9342-499F8B5FD0BF}.Debug|x64.ActiveCfg = Debug|Any CPU
		{02D7169D-ED46-4F74-9342-499F8B5FD0BF}.Debug|x64.Build.0 = Debug|Any CPU
		{02D7169D-ED46-4F74-9342-499F8B5FD0BF}.Debug|x86.ActiveCfg = Debug|Any CPU
		{02D7169D-ED46-4F74-9342-499F8B5FD0BF}.Debug|x86.Build.0 = Debug|Any CPU
		{02D7169D-ED46-4F74-9342-499F8B5FD0BF}.Release|Any CPU.ActiveCfg = Release|Any CPU
		{02D7169D-ED46-4F74-9342-499F8B5FD0BF}.Release|Any CPU.Build.0 = Release|Any CPU
		{02D7169D-ED46-4F74-9342-499F8B5FD0BF}.Release|x64.ActiveCfg = Release|Any CPU
		{02D7169D-ED46-4F74-9342-499F8B5FD0BF}.Release|x64.Build.0 = Release|Any CPU
		{02D7169D-ED46-4F74-9342-499F8B5FD0BF}.Release|x86.ActiveCfg = Release|Any CPU
		{02D7169D-ED46-4F74-9342-499F8B5FD0BF}.Release|x86.Build.0 = Release|Any CPU
		{C326ABB9-4765-4F54-B67E-8D6D2961F743}.Debug|Any CPU.ActiveCfg = Debug|Any CPU
		{C326ABB9-4765-4F54-B67E-8D6D2961F743}.Debug|Any CPU.Build.0 = Debug|Any CPU
		{C326ABB9-4765-4F54-B67E-8D6D2961F743}.Debug|x64.ActiveCfg = Debug|Any CPU
		{C326ABB9-4765-4F54-B67E-8D6D2961F743}.Debug|x64.Build.0 = Debug|Any CPU
		{C326ABB9-4765-4F54-B67E-8D6D2961F743}.Debug|x86.ActiveCfg = Debug|Any CPU
		{C326ABB9-4765-4F54-B67E-8D6D2961F743}.Debug|x86.Build.0 = Debug|Any CPU
		{C326ABB9-4765-4F54-B67E-8D6D2961F743}.Release|Any CPU.ActiveCfg = Release|Any CPU
		{C326ABB9-4765-4F54-B67E-8D6D2961F743}.Release|Any CPU.Build.0 = Release|Any CPU
		{C326ABB9-4765-4F54-B67E-8D6D2961F743}.Release|x64.ActiveCfg = Release|Any CPU
		{C326ABB9-4765-4F54-B67E-8D6D2961F743}.Release|x64.Build.0 = Release|Any CPU
		{C326ABB9-4765-4F54-B67E-8D6D2961F743}.Release|x86.ActiveCfg = Release|Any CPU
		{C326ABB9-4765-4F54-B67E-8D6D2961F743}.Release|x86.Build.0 = Release|Any CPU
		{2082AD66-E4FB-46D9-8133-29290C894161}.Debug|Any CPU.ActiveCfg = Debug|Any CPU
		{2082AD66-E4FB-46D9-8133-29290C894161}.Debug|Any CPU.Build.0 = Debug|Any CPU
		{2082AD66-E4FB-46D9-8133-29290C894161}.Debug|x64.ActiveCfg = Debug|Any CPU
		{2082AD66-E4FB-46D9-8133-29290C894161}.Debug|x64.Build.0 = Debug|Any CPU
		{2082AD66-E4FB-46D9-8133-29290C894161}.Debug|x86.ActiveCfg = Debug|Any CPU
		{2082AD66-E4FB-46D9-8133-29290C894161}.Debug|x86.Build.0 = Debug|Any CPU
		{2082AD66-E4FB-46D9-8133-29290C894161}.Release|Any CPU.ActiveCfg = Release|Any CPU
		{2082AD66-E4FB-46D9-8133-29290C894161}.Release|Any CPU.Build.0 = Release|Any CPU
		{2082AD66-E4FB-46D9-8133-29290C894161}.Release|x64.ActiveCfg = Release|Any CPU
		{2082AD66-E4FB-46D9-8133-29290C894161}.Release|x64.Build.0 = Release|Any CPU
		{2082AD66-E4FB-46D9-8133-29290C894161}.Release|x86.ActiveCfg = Release|Any CPU
		{2082AD66-E4FB-46D9-8133-29290C894161}.Release|x86.Build.0 = Release|Any CPU
		{32CC2415-2561-4DE5-A8CA-885F0339AEFC}.Debug|Any CPU.ActiveCfg = Debug|Any CPU
		{32CC2415-2561-4DE5-A8CA-885F0339AEFC}.Debug|Any CPU.Build.0 = Debug|Any CPU
		{32CC2415-2561-4DE5-A8CA-885F0339AEFC}.Debug|x64.ActiveCfg = Debug|Any CPU
		{32CC2415-2561-4DE5-A8CA-885F0339AEFC}.Debug|x64.Build.0 = Debug|Any CPU
		{32CC2415-2561-4DE5-A8CA-885F0339AEFC}.Debug|x86.ActiveCfg = Debug|Any CPU
		{32CC2415-2561-4DE5-A8CA-885F0339AEFC}.Debug|x86.Build.0 = Debug|Any CPU
		{32CC2415-2561-4DE5-A8CA-885F0339AEFC}.Release|Any CPU.ActiveCfg = Release|Any CPU
		{32CC2415-2561-4DE5-A8CA-885F0339AEFC}.Release|Any CPU.Build.0 = Release|Any CPU
		{32CC2415-2561-4DE5-A8CA-885F0339AEFC}.Release|x64.ActiveCfg = Release|Any CPU
		{32CC2415-2561-4DE5-A8CA-885F0339AEFC}.Release|x64.Build.0 = Release|Any CPU
		{32CC2415-2561-4DE5-A8CA-885F0339AEFC}.Release|x86.ActiveCfg = Release|Any CPU
		{32CC2415-2561-4DE5-A8CA-885F0339AEFC}.Release|x86.Build.0 = Release|Any CPU
		{CEC24463-E1CF-4709-A002-C5F6365ED37E}.Debug|Any CPU.ActiveCfg = Debug|Any CPU
		{CEC24463-E1CF-4709-A002-C5F6365ED37E}.Debug|Any CPU.Build.0 = Debug|Any CPU
		{CEC24463-E1CF-4709-A002-C5F6365ED37E}.Debug|x64.ActiveCfg = Debug|Any CPU
		{CEC24463-E1CF-4709-A002-C5F6365ED37E}.Debug|x64.Build.0 = Debug|Any CPU
		{CEC24463-E1CF-4709-A002-C5F6365ED37E}.Debug|x86.ActiveCfg = Debug|Any CPU
		{CEC24463-E1CF-4709-A002-C5F6365ED37E}.Debug|x86.Build.0 = Debug|Any CPU
		{CEC24463-E1CF-4709-A002-C5F6365ED37E}.Release|Any CPU.ActiveCfg = Release|Any CPU
		{CEC24463-E1CF-4709-A002-C5F6365ED37E}.Release|Any CPU.Build.0 = Release|Any CPU
		{CEC24463-E1CF-4709-A002-C5F6365ED37E}.Release|x64.ActiveCfg = Release|Any CPU
		{CEC24463-E1CF-4709-A002-C5F6365ED37E}.Release|x64.Build.0 = Release|Any CPU
		{CEC24463-E1CF-4709-A002-C5F6365ED37E}.Release|x86.ActiveCfg = Release|Any CPU
		{CEC24463-E1CF-4709-A002-C5F6365ED37E}.Release|x86.Build.0 = Release|Any CPU
	EndGlobalSection
	GlobalSection(SolutionProperties) = preSolution
		HideSolutionNode = FALSE
	EndGlobalSection
	GlobalSection(NestedProjects) = preSolution
		{170CFB84-128A-4FDB-8153-1665E109EFEE} = {3439A4D9-ECE1-42E1-881B-4CFB36EBE5D3}
		{EE113B69-1767-4D17-8BC4-FB97DB4EA7C6} = {170CFB84-128A-4FDB-8153-1665E109EFEE}
		{623D274F-AD55-41D9-A099-ECF913395516} = {170CFB84-128A-4FDB-8153-1665E109EFEE}
		{E9AE000D-25FE-4249-994C-B62CCE45285B} = {3439A4D9-ECE1-42E1-881B-4CFB36EBE5D3}
		{44D10D84-9AE3-4E19-B1B7-69FAA96663F1} = {E9AE000D-25FE-4249-994C-B62CCE45285B}
		{248C3BEB-00FC-4ED2-99A0-23D273C9C5BC} = {E9AE000D-25FE-4249-994C-B62CCE45285B}
		{705EBED8-362E-4A74-91F3-589026961CC4} = {E9AE000D-25FE-4249-994C-B62CCE45285B}
		{90453E89-4497-4CE9-9181-BA95AFA23B66} = {E9AE000D-25FE-4249-994C-B62CCE45285B}
		{0935BD24-4BB6-4A9E-83E1-94F5659C24BB} = {E9AE000D-25FE-4249-994C-B62CCE45285B}
		{E1205A02-70D9-4234-8DF1-9ACDC30731C6} = {E9AE000D-25FE-4249-994C-B62CCE45285B}
		{A5B5B90D-BFD7-44C1-A96D-939AB321565C} = {3439A4D9-ECE1-42E1-881B-4CFB36EBE5D3}
		{30DE2036-CE93-43F5-8B51-09C3BD874CFF} = {A5B5B90D-BFD7-44C1-A96D-939AB321565C}
		{02D7169D-ED46-4F74-9342-499F8B5FD0BF} = {A5B5B90D-BFD7-44C1-A96D-939AB321565C}
		{C326ABB9-4765-4F54-B67E-8D6D2961F743} = {A5B5B90D-BFD7-44C1-A96D-939AB321565C}
		{2082AD66-E4FB-46D9-8133-29290C894161} = {A5B5B90D-BFD7-44C1-A96D-939AB321565C}
		{32CC2415-2561-4DE5-A8CA-885F0339AEFC} = {A5B5B90D-BFD7-44C1-A96D-939AB321565C}
		{CEC24463-E1CF-4709-A002-C5F6365ED37E} = {A5B5B90D-BFD7-44C1-A96D-939AB321565C}
	EndGlobalSection
EndGlobal
